lockfileVersion: '9.0'

settings:
  autoInstallPeers: true
  excludeLinksFromLockfile: false

importers:

  .:
    devDependencies:
      '@11ty/eleventy':
        specifier: ^3.1.5
        version: 3.1.5
      dprint:
        specifier: ^0.53.2
        version: 0.53.2
      markdown-it:
        specifier: ^14.1.1
        version: 14.1.1
      markdown-it-attrs:
        specifier: ^4.3.1
        version: 4.3.1(markdown-it@14.1.1)
      markdown-it-footnote:
        specifier: ^4.0.0
        version: 4.0.0
      title-case:
        specifier: ^4.3.2
        version: 4.3.2

packages:

  '@11ty/dependency-tree-esm@2.0.4':
    resolution: {integrity: sha512-MYKC0Ac77ILr1HnRJalzKDlb9Z8To3kXQCltx299pUXXUFtJ1RIONtULlknknqW8cLe19DLVgmxVCtjEFm7h0A==}

  '@11ty/dependency-tree@4.0.2':
    resolution: {integrity: sha512-RTF6VTZHatYf7fSZBUN3RKwiUeJh5dhWV61gDPrHhQF2/gzruAkYz8yXuvGLx3w3ZBKreGrR+MfYpSVkdbdbLA==}

  '@11ty/eleventy-dev-server@2.0.8':
    resolution: {integrity: sha512-15oC5M1DQlCaOMUq4limKRYmWiGecDaGwryr7fTE/oM9Ix8siqMvWi+I8VjsfrGr+iViDvWcH/TVI6D12d93mA==}
    engines: {node: '>=18'}
    hasBin: true

  '@11ty/eleventy-plugin-bundle@3.0.7':
    resolution: {integrity: sha512-QK1tRFBhQdZASnYU8GMzpTdsMMFLVAkuU0gVVILqNyp09xJJZb81kAS3AFrNrwBCsgLxTdWHJ8N64+OTTsoKkA==}
    engines: {node: '>=18'}

  '@11ty/eleventy-utils@2.0.7':
    resolution: {integrity: sha512-6QE+duqSQ0GY9rENXYb4iPR4AYGdrFpqnmi59tFp9VrleOl0QSh8VlBr2yd6dlhkdtj7904poZW5PvGr9cMiJQ==}
    engines: {node: '>=18'}

  '@11ty/eleventy@3.1.5':
    resolution: {integrity: sha512-hZ0g6MwZyRxCqXsPm82gIM304LraKbUz3ZmezOSjsqxttZG6cHTib3Qq8QkESJoKwnr+yX1eyfOkPC5/mEgZnQ==}
    engines: {node: '>=18'}
    hasBin: true

  '@11ty/lodash-custom@4.17.21':
    resolution: {integrity: sha512-Mqt6im1xpb1Ykn3nbcCovWXK3ggywRJa+IXIdoz4wIIK+cvozADH63lexcuPpGS/gJ6/m2JxyyXDyupkMr5DHw==}
    engines: {node: '>=14'}

  '@11ty/posthtml-urls@1.0.3':
    resolution: {integrity: sha512-1YvhnkaNlFnnJic1rBMWmTC2adbuy+JQiBfl1Hecr1Wjjik1pQZmGyk/eC9zKX/FQv52s2Nht1Gi/UwhYqrBeg==}
    engines: {node: '>= 6'}

  '@11ty/recursive-copy@4.0.4':
    resolution: {integrity: sha512-oI7m8pa7/IAU/3lqRU9vjBbs20iKFo7x+1K9kT3aVira6scc1X9MjBdgLCHzLJeJ7iB6wydioA+kr9/qPnvmlQ==}
    engines: {node: '>=18'}

  '@dprint/darwin-arm64@0.53.2':
    resolution: {integrity: sha512-ecKRF+mFE59layJPpX5AnYN7a9XNovX3f5QlPSdr+BmweoarOV2ieODyJklD5Tob9WiMv8jQyXYak5QH7fxByg==}
    cpu: [arm64]
    os: [darwin]

  '@dprint/darwin-x64@0.53.2':
    resolution: {integrity: sha512-sHe7bsPU9BXnBPovjsq+98S1g64W7ZhyfGKMSVMTwP1BCL+IqOltfd5p7xTvAaRkL8cwRzqPYlj+kmCf24Qydw==}
    cpu: [x64]
    os: [darwin]

  '@dprint/linux-arm64-glibc@0.53.2':
    resolution: {integrity: sha512-K0aj5bLtPlSsTDAtLwEjwDGPIVpc8lgmvpLzf6IdASJn1kMkowPoZSCNUvmUUJTTmANscMugLsi9XGVbBzkE6Q==}
    cpu: [arm64]
    os: [linux]
    libc: [glibc]

  '@dprint/linux-arm64-musl@0.53.2':
    resolution: {integrity: sha512-209yb6BGMiohPuB12wgnodULEs3JC1epLaHyN5s2XpDU7rWi6WqWkzeSuuN2TTAbDz4Z51tqe5KJSRsF0yi+Dg==}
    cpu: [arm64]
    os: [linux]
    libc: [musl]

  '@dprint/linux-loong64-glibc@0.53.2':
    resolution: {integrity: sha512-IngXJ6c7n/DYd2j1CssLHqxtGILMv0BEQZplx8kIYedGyVbzLSxJu7XpqgThnCuLQjh4elfRkT67Q8g7l//m0Q==}
    cpu: [loong64]
    os: [linux]
    libc: [glibc]

  '@dprint/linux-loong64-musl@0.53.2':
    resolution: {integrity: sha512-ExtcNOjSbXgpoWw5efAO00xYTOlEsEyz58v/HPJzEV5tfn9J7vozSVxTdXLDkTgg+USEQLaZ9qTnXxc1kbraiQ==}
    cpu: [loong64]
    os: [linux]
    libc: [musl]

  '@dprint/linux-riscv64-glibc@0.53.2':
    resolution: {integrity: sha512-2UTqXMkIhyK7rYdpBY7tE3x1R36msWjX3lU3MdYM9HauldnsHJx2EhZofIYzHBICH8eziw/W7aY8HWo4oLdJ/A==}
    cpu: [riscv64]
    os: [linux]
    libc: [glibc]

  '@dprint/linux-x64-glibc@0.53.2':
    resolution: {integrity: sha512-hO4O7d20IALUCFbFG2H7kvP5Di3/G8fqrMXzX9Fdps4ccM4Kg3Cr9LZ/G+mif4Q9WwwUnkOJ0oXBxeqJ8S65ng==}
    cpu: [x64]
    os: [linux]
    libc: [glibc]

  '@dprint/linux-x64-musl@0.53.2':
    resolution: {integrity: sha512-XHqYE5nFz1s5Z2J1E9j8JYHE4ISp5KCfaYT7fs4lW14G2B8U/CtutUGWzvP5aYRGfLc6CYGrWgKAQppn846vUQ==}
    cpu: [x64]
    os: [linux]
    libc: [musl]

  '@dprint/win32-arm64@0.53.2':
    resolution: {integrity: sha512-Z8N2iwhFN91wK0SlR+oGHGF8rrwOw7BiZTAKwR8E7Fr2lKSTsjbRv3Nr1znk2pHkmRyZ1/6PwzTiVF5sSZcIXQ==}
    cpu: [arm64]
    os: [win32]

  '@dprint/win32-x64@0.53.2':
    resolution: {integrity: sha512-xdOOm4ZG9pqKdnVvgFMp8/c9Ylkt2LcTFqjmxF1CoCZNNYGMUrH60YQl/M9R9wJXSSQOv6K+7Ub+hOWcIlxIjw==}
    cpu: [x64]
    os: [win32]

  '@sindresorhus/slugify@2.2.1':
    resolution: {integrity: sha512-MkngSCRZ8JdSOCHRaYd+D01XhvU3Hjy6MGl06zhOk614hp9EOAp5gIkBeQg7wtmxpitU6eAL4kdiRMcJa2dlrw==}
    engines: {node: '>=12'}

  '@sindresorhus/transliterate@1.6.0':
    resolution: {integrity: sha512-doH1gimEu3A46VX6aVxpHTeHrytJAG6HgdxntYnCFiIFHEM/ZGpG8KiZGBChchjQmG0XFIBL552kBTjVcMZXwQ==}
    engines: {node: '>=12'}

  a-sync-waterfall@1.0.1:
    resolution: {integrity: sha512-RYTOHHdWipFUliRFMCS4X2Yn2X8M87V/OpSqWzKKOGhzqyUxzyVmhHDH9sAvG+ZuQf/TAOFsLCpMw09I1ufUnA==}

  acorn-walk@8.3.5:
    resolution: {integrity: sha512-HEHNfbars9v4pgpW6SO1KSPkfoS0xVOM/9UzkJltjlsHZmJasxg8aXkuZa7SMf8vKGIBhpUsPluQSqhJFCqebw==}
    engines: {node: '>=0.4.0'}

  acorn@8.16.0:
    resolution: {integrity: sha512-UVJyE9MttOsBQIDKw1skb9nAwQuR5wuGD3+82K6JgJlm/Y+KI92oNsMNGZCYdDsVtRHSak0pcV5Dno5+4jh9sw==}
    engines: {node: '>=0.4.0'}
    hasBin: true

  anymatch@3.1.3:
    resolution: {integrity: sha512-KMReFUr0B4t+D+OBkjR3KYqvocp2XaSzO55UcB6mgQMd3KbcE+mWTyvVV7D/zsdEbNnV6acZUutkiHQXvTr1Rw==}
    engines: {node: '>= 8'}

  argparse@1.0.10:
    resolution: {integrity: sha512-o5Roy6tNG4SL/FOkCAN6RzjiakZS25RLYFrcMttJqbdd8BWrnA+fGz57iN5Pb06pvBGvl5gQ0B48dJlslXvoTg==}

  argparse@2.0.1:
    resolution: {integrity: sha512-8+9WqebbFzpX9OR+Wa6O29asIogeRMzcGtAINdpMHHyAg10f05aSFVBbcEqGf/PXw1EjAZ+q2/bEBg3DvurK3Q==}

  asap@2.0.6:
    resolution: {integrity: sha512-BSHWgDSAiKs50o2Re8ppvp3seVHXSRM44cdSsT9FfNEUUZLOGWVCsiWaRPWM1Znn+mqZ1OfVZ3z3DWEzSp7hRA==}

  balanced-match@1.0.2:
    resolution: {integrity: sha512-3oSeUO0TMV67hN1AmbXsK4yaqU7tjiHlbxRDZOpH0KW9+CeX4bRAaX0Anxt0tx2MrpRpWwQaPwIlISEJhYU5Pw==}

  bcp-47-match@2.0.3:
    resolution: {integrity: sha512-JtTezzbAibu8G0R9op9zb3vcWZd9JF6M0xOYGPn0fNCd7wOpRB1mU2mH9T8gaBGbAAyIIVgB2G7xG0GP98zMAQ==}

  bcp-47-normalize@2.3.0:
    resolution: {integrity: sha512-8I/wfzqQvttUFz7HVJgIZ7+dj3vUaIyIxYXaTRP1YWoSDfzt6TUmxaKZeuXR62qBmYr+nvuWINFRl6pZ5DlN4Q==}

  bcp-47@2.1.0:
    resolution: {integrity: sha512-9IIS3UPrvIa1Ej+lVDdDwO7zLehjqsaByECw0bu2RRGP73jALm6FYbzI5gWbgHLvNdkvfXB5YrSbocZdOS0c0w==}

  binary-extensions@2.3.0:
    resolution: {integrity: sha512-Ceh+7ox5qe7LJuLHoY0feh3pHuUDHAcRUeyL2VYghZwfpkNIy/+8Ocg0a3UuSoYzavmylwuLWQOf3hl0jjMMIw==}
    engines: {node: '>=8'}

  brace-expansion@1.1.13:
    resolution: {integrity: sha512-9ZLprWS6EENmhEOpjCYW2c8VkmOvckIJZfkr7rBW6dObmfgJ/L1GpSYW5Hpo9lDz4D1+n0Ckz8rU7FwHDQiG/w==}

  braces@3.0.3:
    resolution: {integrity: sha512-yQbXgO/OSZVD2IsiLlro+7Hf6Q18EJrKSEsdoMzKePKXct3gvD8oLcOQdIzGupr5Fj+EDe8gO/lxc1BzfMpxvA==}
    engines: {node: '>=8'}

  chokidar@3.6.0:
    resolution: {integrity: sha512-7VT13fmjotKpGipCW9JEQAusEPE+Ei8nl6/g4FBAmIm0GOOLMua9NDDo/DWp0ZAxCr3cPq5ZpBqmPAQgDda2Pw==}
    engines: {node: '>= 8.10.0'}

  commander@10.0.1:
    resolution: {integrity: sha512-y4Mg2tXshplEbSGzx7amzPwKKOCGuoSRP/CjEdwwk0FOGlUbq6lKuoyDZTNZkmxHdJtp54hdfY/JUrdL7Xfdug==}
    engines: {node: '>=14'}

  commander@5.1.0:
    resolution: {integrity: sha512-P0CysNDQ7rtVw4QIQtm+MRxV66vKFSvlsQvGYXZWR3qFU0jlMKHZZZgw8e+8DSah4UDKMqnknRDQz+xuQXQ/Zg==}
    engines: {node: '>= 6'}

  concat-map@0.0.1:
    resolution: {integrity: sha512-/Srv4dswyQNBfohGpz9o6Yb3Gz3SrUDqBH5rTuhGR7ahtlbYKnVxw2bCFMRljaA7EXHaXZ8wsHdodFvbkhKmqg==}

  debug@2.6.9:
    resolution: {integrity: sha512-bC7ElrdJaJnPbAP+1EotYvqZsb3ecl5wi6Bfi6BJTUcNowp6cvspg0jXznRTKDjm/E7AdgFBVeAPVMNcKGsHMA==}
    peerDependencies:
      supports-color: '*'
    peerDependenciesMeta:
      supports-color:
        optional: true

  debug@4.4.3:
    resolution: {integrity: sha512-RGwwWnwQvkVfavKVt22FGLw+xYSdzARwm0ru6DhTVA3umU5hZc28V3kO4stgYryrTlLpuvgI9GiijltAjNbcqA==}
    engines: {node: '>=6.0'}
    peerDependencies:
      supports-color: '*'
    peerDependenciesMeta:
      supports-color:
        optional: true

  depd@2.0.0:
    resolution: {integrity: sha512-g7nH6P6dyDioJogAAGprGpCtVImJhpPk/roCzdb3fIh61/s/nPsfR6onyMwkCAR/OlC3yBC0lESvUoQEAssIrw==}
    engines: {node: '>= 0.8'}

  dependency-graph@1.0.0:
    resolution: {integrity: sha512-cW3gggJ28HZ/LExwxP2B++aiKxhJXMSIt9K48FOXQkm+vuG5gyatXnLsONRJdzO/7VfjDIiaOOa/bs4l464Lwg==}
    engines: {node: '>=4'}

  dom-serializer@1.4.1:
    resolution: {integrity: sha512-VHwB3KfrcOOkelEG2ZOfxqLZdfkil8PtJi4P8N2MMXucZq2yLp75ClViUlOVwyoHEDjYU433Aq+5zWP61+RGag==}

  domelementtype@2.3.0:
    resolution: {integrity: sha512-OLETBj6w0OsagBwdXnPdN0cnMfF9opN69co+7ZrbfPGrdpPVNBUj02spi6B1N7wChLQiPn4CSH/zJvXw56gmHw==}

  domhandler@4.3.1:
    resolution: {integrity: sha512-GrwoxYN+uWlzO8uhUXRl0P+kHE4GtVPfYzVLcUxPL7KNdHKj66vvlhiweIHqYYXWlw+T8iLMp42Lm67ghw4WMQ==}
    engines: {node: '>= 4'}

  domutils@2.8.0:
    resolution: {integrity: sha512-w96Cjofp72M5IIhpjgobBimYEfoPjx1Vx0BSX9P30WBdZW2WIKU0T1Bd0kz2eNZ9ikjKgHbEyKx8BB6H1L3h3A==}

  dprint@0.53.2:
    resolution: {integrity: sha512-3uF+X66vm3UmDG5tbBKUAyetc/FsBn+2fswfVzFlbrIlE2l0BgwRLEssYqW/o93lYn6A39i3lP2+wHA4B+usDg==}
    hasBin: true

  ee-first@1.1.1:
    resolution: {integrity: sha512-WMwm9LhRUo+WUaRN+vRuETqG89IgZphVSNkdFgeb6sS/E4OrDIN7t48CAewSHXc6C8lefD8KKfr5vY61brQlow==}

  encodeurl@2.0.0:
    resolution: {integrity: sha512-Q0n9HRi4m6JuGIV1eFlmvJB7ZEVxu93IrMyiMsGC0lrMJMWzRgx6WGquyfQgZVb31vhGgXnfmPNNXmxnOkRBrg==}
    engines: {node: '>= 0.8'}

  entities@2.2.0:
    resolution: {integrity: sha512-p92if5Nz619I0w+akJrLZH0MX0Pb5DX39XOwQTtXSdQQOaYH03S1uIQp4mhOZtAXrxq4ViO67YTiLBo2638o9A==}

  entities@3.0.1:
    resolution: {integrity: sha512-WiyBqoomrwMdFG1e0kqvASYfnlb0lp8M5o5Fw2OFq1hNZxxcNk8Ik0Xm7LxzBhuidnZB/UtBqVCgUz3kBOP51Q==}
    engines: {node: '>=0.12'}

  entities@4.5.0:
    resolution: {integrity: sha512-V0hjH4dGPh9Ao5p0MoRY6BVqtwCjhz6vI5LT8AJ55H+4g9/4vbHx1I54fS0XuclLhDHArPQCiMjDxjaL8fPxhw==}
    engines: {node: '>=0.12'}

  entities@6.0.1:
    resolution: {integrity: sha512-aN97NXWF6AWBTahfVOIrB/NShkzi5H7F9r1s9mD3cDj4Ko5f2qhhVoYMibXF7GlLveb/D2ioWay8lxI97Ven3g==}
    engines: {node: '>=0.12'}

  errno@1.0.0:
    resolution: {integrity: sha512-3zV5mFS1E8/1bPxt/B0xxzI1snsg3uSCIh6Zo1qKg6iMw93hzPANk9oBFzSFBFrwuVoQuE3rLoouAUfwOAj1wQ==}
    hasBin: true

  escape-html@1.0.3:
    resolution: {integrity: sha512-NiSupZ4OeuGwr68lGIeym/ksIZMJodUGOSCZ/FSnTxcrekbvqrgdUxlJOMpijaKZVjAJrWrGs/6Jy8OMuyj9ow==}

  escape-string-regexp@5.0.0:
    resolution: {integrity: sha512-/veY75JbMK4j1yjvuUxuVsiS/hr/4iHs9FTT6cgTexxdE0Ly/glccBAkloH/DofkjRbZU3bnoj38mOmhkZ0lHw==}
    engines: {node: '>=12'}

  esm-import-transformer@3.0.5:
    resolution: {integrity: sha512-1GKLvfuMnnpI75l8c6sHoz0L3Z872xL5akGuBudgqTDPv4Vy6f2Ec7jEMKTxlqWl/3kSvNbHELeimJtnqgYniw==}

  esprima@4.0.1:
    resolution: {integrity: sha512-eGuFFw7Upda+g4p+QHvnW0RyTX/SVeJBDM/gCtMARO0cLuT2HcEKnTPvhjV6aGeqrCB/sbNop0Kszm0jsaWU4A==}
    engines: {node: '>=4'}
    hasBin: true

  etag@1.8.1:
    resolution: {integrity: sha512-aIL5Fx7mawVa300al2BnEE4iNvo1qETxLrPI/o05L7z6go7fCw1J6EQmbK4FmJ2AS7kgVF/KEZWufBfdClMcPg==}
    engines: {node: '>= 0.6'}

  evaluate-value@2.0.0:
    resolution: {integrity: sha512-VonfiuDJc0z4sOO7W0Pd130VLsXN6vmBWZlrog1mCb/o7o/Nl5Lr25+Kj/nkCCAhG+zqeeGjxhkK9oHpkgTHhQ==}
    engines: {node: '>= 8'}

  extend-shallow@2.0.1:
    resolution: {integrity: sha512-zCnTtlxNoAiDc3gqY2aYAWFx7XWWiasuF2K8Me5WbN8otHKTUKBwjPtNpRs/rbUZm7KxWAaNj7P1a/p52GbVug==}
    engines: {node: '>=0.10.0'}

  fdir@6.5.0:
    resolution: {integrity: sha512-tIbYtZbucOs0BRGqPJkshJUYdL+SDH7dVM8gjy+ERp3WAUjLEFJE+02kanyHtwjWOnwrKYBiwAmM0p4kLJAnXg==}
    engines: {node: '>=12.0.0'}
    peerDependencies:
      picomatch: ^3 || ^4
    peerDependenciesMeta:
      picomatch:
        optional: true

  filesize@10.1.6:
    resolution: {integrity: sha512-sJslQKU2uM33qH5nqewAwVB2QgR6w1aMNsYUp3aN5rMRyXEwJGmZvaWzeJFNTOXWlHQyBFCWrdj3fV/fsTOX8w==}
    engines: {node: '>= 10.4.0'}

  fill-range@7.1.1:
    resolution: {integrity: sha512-YsGpe3WHLK8ZYi4tWDg2Jy3ebRz2rXowDxnld4bkQB00cc/1Zw9AWnC0i9ztDJitivtQvaI9KaLyKrc+hBW0yg==}
    engines: {node: '>=8'}

  finalhandler@1.3.2:
    resolution: {integrity: sha512-aA4RyPcd3badbdABGDuTXCMTtOneUCAYH/gxoYRTZlIJdF0YPWuGqiAsIrhNnnqdXGswYk6dGujem4w80UJFhg==}
    engines: {node: '>= 0.8'}

  fresh@2.0.0:
    resolution: {integrity: sha512-Rx/WycZ60HOaqLKAi6cHRKKI7zxWbJ31MhntmtwMoaTeF7XFH9hhBp8vITaMidfljRQ6eYWCKkaTK+ykVJHP2A==}
    engines: {node: '>= 0.8'}

  fsevents@2.3.3:
    resolution: {integrity: sha512-5xoDfX+fL7faATnagmWPpbFtwh/R77WmMMqqHGS65C3vvB0YHrgF+B1YmZ3441tMj5n63k0212XNoJwzlhffQw==}
    engines: {node: ^8.16.0 || ^10.6.0 || >=11.0.0}
    os: [darwin]

  glob-parent@5.1.2:
    resolution: {integrity: sha512-AOIgSQCepiJYwP3ARnGx+5VnTu2HBYdzbGP45eLw1vr3zB3vZLeyed1sC9hnbcOc9/SrMyM5RPQrkGz4aS9Zow==}
    engines: {node: '>= 6'}

  gray-matter@4.0.3:
    resolution: {integrity: sha512-5v6yZd4JK3eMI3FqqCouswVqwugaA9r4dNZB1wwcmrD02QkV5H0y7XBQW8QwQqEaZY1pM9aqORSORhJRdNK44Q==}
    engines: {node: '>=6.0'}

  htmlparser2@7.2.0:
    resolution: {integrity: sha512-H7MImA4MS6cw7nbyURtLPO1Tms7C5H602LRETv95z1MxO/7CP7rDVROehUYeYBUYEON94NXXDEPmZuq+hX4sog==}

  http-equiv-refresh@2.0.1:
    resolution: {integrity: sha512-XJpDL/MLkV3dKwLzHwr2dY05dYNfBNlyPu4STQ8WvKCFdc6vC5tPXuq28of663+gHVg03C+16pHHs/+FmmDjcw==}
    engines: {node: '>= 6'}

  http-errors@2.0.1:
    resolution: {integrity: sha512-4FbRdAX+bSdmo4AUFuS0WNiPz8NgFt+r8ThgNWmlrjQjt1Q7ZR9+zTlce2859x4KSXrwIsaeTqDoKQmtP8pLmQ==}
    engines: {node: '>= 0.8'}

  inherits@2.0.4:
    resolution: {integrity: sha512-k/vGaX4/Yla3WzyMCvTQOXYeIHvqOKtnqBduzTHpzpQZzAskKMhZ2K+EnBiSM9zGSoIFeMpXKxa4dYeZIQqewQ==}

  is-alphabetical@2.0.1:
    resolution: {integrity: sha512-FWyyY60MeTNyeSRpkM2Iry0G9hpr7/9kD40mD/cGQEuilcZYS4okz8SN2Q6rLCJ8gbCt6fN+rC+6tMGS99LaxQ==}

  is-alphanumerical@2.0.1:
    resolution: {integrity: sha512-hmbYhX/9MUMF5uh7tOXyK/n0ZvWpad5caBA17GsC6vyuCqaWliRG5K1qS9inmUhEMaOBIW7/whAnSwveW/LtZw==}

  is-binary-path@2.1.0:
    resolution: {integrity: sha512-ZMERYes6pDydyuGidse7OsHxtbI7WVeUEozgR/g7rd0xUimYNlvZRE/K2MgZTjWy725IfelLeVcEM97mmtRGXw==}
    engines: {node: '>=8'}

  is-decimal@2.0.1:
    resolution: {integrity: sha512-AAB9hiomQs5DXWcRB1rqsxGUstbRroFOPPVAomNk/3XHR5JyEZChOyTWe2oayKnsSsr/kcGqF+z6yuH6HHpN0A==}

  is-extendable@0.1.1:
    resolution: {integrity: sha512-5BMULNob1vgFX6EjQw5izWDxrecWK9AM72rugNr0TFldMOi0fj6Jk+zeKIt0xGj4cEfQIJth4w3OKWOJ4f+AFw==}
    engines: {node: '>=0.10.0'}

  is-extglob@2.1.1:
    resolution: {integrity: sha512-SbKbANkN603Vi4jEZv49LeVJMn4yGwsbzZworEoyEiutsN3nJYdbO36zfhGJ6QEDpOZIFkDtnq5JRxmvl3jsoQ==}
    engines: {node: '>=0.10.0'}

  is-glob@4.0.3:
    resolution: {integrity: sha512-xelSayHH36ZgE7ZWhli7pW34hNbNl8Ojv5KVmkJD4hBdD3th8Tfk9vYasLM+mXWOZhFkgZfxhLSnrwRr4elSSg==}
    engines: {node: '>=0.10.0'}

  is-json@2.0.1:
    resolution: {integrity: sha512-6BEnpVn1rcf3ngfmViLM6vjUjGErbdrL4rwlv+u1NO1XO8kqT4YGL8+19Q+Z/bas8tY90BTWMk2+fW1g6hQjbA==}

  is-number@7.0.0:
    resolution: {integrity: sha512-41Cifkg6e8TylSpdtTpeLVMqvSBEVzTttHvERD741+pnZ8ANv0004MRL43QKPDlK9cGvNp6NZWZUBlbGXYxxng==}
    engines: {node: '>=0.12.0'}

  iso-639-1@3.1.5:
    resolution: {integrity: sha512-gXkz5+KN7HrG0Q5UGqSMO2qB9AsbEeyLP54kF1YrMsIxmu+g4BdB7rflReZTSTZGpfj8wywu6pfPBCylPIzGQA==}
    engines: {node: '>=6.0'}

  js-yaml@3.14.2:
    resolution: {integrity: sha512-PMSmkqxr106Xa156c2M265Z+FTrPl+oxd/rgOQy2tijQeK5TxQ43psO1ZCwhVOSdnn+RzkzlRz/eY4BgJBYVpg==}
    hasBin: true

  js-yaml@4.1.1:
    resolution: {integrity: sha512-qQKT4zQxXl8lLwBtHMWwaTcGfFOZviOJet3Oy/xmGk2gZH677CJM9EvtfdSkgWcATZhj/55JZ0rmy3myCT5lsA==}
    hasBin: true

  junk@3.1.0:
    resolution: {integrity: sha512-pBxcB3LFc8QVgdggvZWyeys+hnrNWg4OcZIU/1X59k5jQdLBlCsYGRQaz234SqoRLTCgMH00fY0xRJH+F9METQ==}
    engines: {node: '>=8'}

  kind-of@6.0.3:
    resolution: {integrity: sha512-dcS1ul+9tmeD95T+x28/ehLgd9mENa3LsvDTtzm3vyBEO7RPptvAD+t44WVXaUjTBRcrpFeFlC8WCruUR456hw==}
    engines: {node: '>=0.10.0'}

  kleur@4.1.5:
    resolution: {integrity: sha512-o+NO+8WrRiQEE4/7nwRJhN1HWpVmJm511pBHUxPLtp0BUISzlBplORYSmTclCnJvQq2tKu/sgl3xVpkc7ZWuQQ==}
    engines: {node: '>=6'}

  linkify-it@5.0.0:
    resolution: {integrity: sha512-5aHCbzQRADcdP+ATqnDuhhJ/MRIqDkZX5pyjFHRRysS8vZ5AbqGEoFIb6pYHPZ+L/OC2Lc+xT8uHVVR5CAK/wQ==}

  liquidjs@10.25.5:
    resolution: {integrity: sha512-GKiKeZjJDdVoQAu+S9rzkYsYnYhcep5W3WwZXgb5f+yq484P/k9JqamBbGYu+LBEixcUAXZr2jogdAIjB3ki1w==}
    engines: {node: '>=16'}
    hasBin: true

  list-to-array@1.1.0:
    resolution: {integrity: sha512-+dAZZ2mM+/m+vY9ezfoueVvrgnHIGi5FvgSymbIgJOFwiznWyA59mav95L+Mc6xPtL3s9gm5eNTlNtxJLbNM1g==}

  luxon@3.7.2:
    resolution: {integrity: sha512-vtEhXh/gNjI9Yg1u4jX/0YVPMvxzHuGgCm6tC5kZyb08yjGWGnqAjGJvcXbqQR2P3MyMEFnRbpcdFS6PBcLqew==}
    engines: {node: '>=12'}

  markdown-it-attrs@4.3.1:
    resolution: {integrity: sha512-/ko6cba+H6gdZ0DOw7BbNMZtfuJTRp9g/IrGIuz8lYc/EfnmWRpaR3CFPnNbVz0LDvF8Gf1hFGPqrQqq7De0rg==}
    engines: {node: '>=6'}
    peerDependencies:
      markdown-it: '>= 9.0.0'

  markdown-it-footnote@4.0.0:
    resolution: {integrity: sha512-WYJ7urf+khJYl3DqofQpYfEYkZKbmXmwxQV8c8mO/hGIhgZ1wOe7R4HLFNwqx7TjILbnC98fuyeSsin19JdFcQ==}

  markdown-it@14.1.1:
    resolution: {integrity: sha512-BuU2qnTti9YKgK5N+IeMubp14ZUKUUw7yeJbkjtosvHiP0AZ5c8IAgEMk79D0eC8F23r4Ac/q8cAIFdm2FtyoA==}
    hasBin: true

  mdurl@2.0.0:
    resolution: {integrity: sha512-Lf+9+2r+Tdp5wXDXC4PcIBjTDtq4UKjCPMQhKIuzpJNW0b96kVqSwW0bT7FhRSfmAiFYgP+SCRvdrDozfh0U5w==}

  mime-db@1.54.0:
    resolution: {integrity: sha512-aU5EJuIN2WDemCcAp2vFBfp/m4EAhWJnUNSSw0ixs7/kXbd6Pg64EmwJkNdFhB8aWt1sH2CTXrLxo/iAGV3oPQ==}
    engines: {node: '>= 0.6'}

  mime-types@3.0.2:
    resolution: {integrity: sha512-Lbgzdk0h4juoQ9fCKXW4by0UJqj+nOOrI9MJ1sSj4nI8aI2eo1qmvQEie4VD1glsS250n15LsWsYtCugiStS5A==}
    engines: {node: '>=18'}

  mime@3.0.0:
    resolution: {integrity: sha512-jSCU7/VB1loIWBZe14aEYHU/+1UMEHoaO7qxCOVJOw9GgH72VAWppxNcjU+x9a2k3GSIBXNKxXQFqRvvZ7vr3A==}
    engines: {node: '>=10.0.0'}
    hasBin: true

  minimatch@3.1.5:
    resolution: {integrity: sha512-VgjWUsnnT6n+NUk6eZq77zeFdpW2LWDzP6zFGrCbHXiYNul5Dzqk2HHQ5uFH2DNW5Xbp8+jVzaeNt94ssEEl4w==}

  minimist@1.2.8:
    resolution: {integrity: sha512-2yyAR8qBkN3YuheJanUpWC5U3bb5osDywNB8RzDVlDwDHbocAJveqqj1u8+SVD7jkWT4yvsHCpWqqWqAxb0zCA==}

  minipass@7.1.3:
    resolution: {integrity: sha512-tEBHqDnIoM/1rXME1zgka9g6Q2lcoCkxHLuc7ODJ5BxbP5d4c2Z5cGgtXAku59200Cx7diuHTOYfSBD8n6mm8A==}
    engines: {node: '>=16 || 14 >=14.17'}

  moo@0.5.2:
    resolution: {integrity: sha512-iSAJLHYKnX41mKcJKjqvnAN9sf0LMDTXDEvFv+ffuRR9a1MIuXLjMNL6EsnDHSkKLTWNqQQ5uo61P4EbU4NU+Q==}

  morphdom@2.7.8:
    resolution: {integrity: sha512-D/fR4xgGUyVRbdMGU6Nejea1RFzYxYtyurG4Fbv2Fi/daKlWKuXGLOdXtl+3eIwL110cI2hz1ZojGICjjFLgTg==}

  ms@2.0.0:
    resolution: {integrity: sha512-Tpp60P6IUJDTuOq/5Z8cdskzJujfwqfOTkrwIwj7IRISpnkJnT6SyJ4PCPnGMoFjC9ddhal5KVIYtAt97ix05A==}

  ms@2.1.3:
    resolution: {integrity: sha512-6FlzubTLZG3J2a/NVCAleEhjzq5oxgHyaCU9yYXvcLsvoVaHJq/s5xXI6/XXP6tz7R9xAOtHnSO/tXtF3WRTlA==}

  node-retrieve-globals@6.0.1:
    resolution: {integrity: sha512-j0DeFuZ/Wg3VlklfbxUgZF/mdHMTEiEipBb3q0SpMMbHaV3AVfoUQF8UGxh1s/yjqO0TgRZd4Pi/x2yRqoQ4Eg==}

  normalize-path@3.0.0:
    resolution: {integrity: sha512-6eZs5Ls3WtCisHWp9S2GUy8dqkpGi4BVSz3GaqiE6ezub0512ESztXUwUB6C6IKbQkY2Pnb/mD4WYojCRwcwLA==}
    engines: {node: '>=0.10.0'}

  nunjucks@3.2.4:
    resolution: {integrity: sha512-26XRV6BhkgK0VOxfbU5cQI+ICFUtMLixv1noZn1tGU38kQH5A5nmmbk/O45xdyBhD1esk47nKrY0mvQpZIhRjQ==}
    engines: {node: '>= 6.9.0'}
    hasBin: true
    peerDependencies:
      chokidar: ^3.3.0
    peerDependenciesMeta:
      chokidar:
        optional: true

  on-finished@2.4.1:
    resolution: {integrity: sha512-oVlzkg3ENAhCk2zdv7IJwd/QUD4z2RxRwpkcGY8psCVcCYZNq4wYnVWALHM+brtuJjePWiYF/ClmuDr8Ch5+kg==}
    engines: {node: '>= 0.8'}

  parse-srcset@1.0.2:
    resolution: {integrity: sha512-/2qh0lav6CmI15FzA3i/2Bzk2zCgQhGMkvhOhKNcBVQ1ldgpbfiNTVslmooUmWJcADi1f1kIeynbDRVzNlfR6Q==}

  parseurl@1.3.3:
    resolution: {integrity: sha512-CiyeOxFT/JZyN5m0z9PfXw4SCBJ6Sygz1Dpl0wqjlhDEGGBP1GnsUVEL0p63hoG1fcj3fHynXi9NYO4nWOL+qQ==}
    engines: {node: '>= 0.8'}

  picomatch@2.3.2:
    resolution: {integrity: sha512-V7+vQEJ06Z+c5tSye8S+nHUfI51xoXIXjHQ99cQtKUkQqqO1kO/KCJUfZXuB47h/YBlDhah2H3hdUGXn8ie0oA==}
    engines: {node: '>=8.6'}

  picomatch@4.0.4:
    resolution: {integrity: sha512-QP88BAKvMam/3NxH6vj2o21R6MjxZUAd6nlwAS/pnGvN9IVLocLHxGYIzFhg6fUQ+5th6P4dv4eW9jX3DSIj7A==}
    engines: {node: '>=12'}

  please-upgrade-node@3.2.0:
    resolution: {integrity: sha512-gQR3WpIgNIKwBMVLkpMUeR3e1/E1y42bqDQZfql+kDeXd8COYfM8PQA4X6y7a8u9Ua9FHmsrrmirW2vHs45hWg==}

  posthtml-match-helper@2.0.3:
    resolution: {integrity: sha512-p9oJgTdMF2dyd7WE54QI1LvpBIkNkbSiiECKezNnDVYhGhD1AaOnAkw0Uh0y5TW+OHO8iBdSqnd8Wkpb6iUqmw==}
    engines: {node: '>=18'}
    peerDependencies:
      posthtml: ^0.16.6

  posthtml-parser@0.11.0:
    resolution: {integrity: sha512-QecJtfLekJbWVo/dMAA+OSwY79wpRmbqS5TeXvXSX+f0c6pW4/SE6inzZ2qkU7oAMCPqIDkZDvd/bQsSFUnKyw==}
    engines: {node: '>=12'}

  posthtml-render@3.0.0:
    resolution: {integrity: sha512-z+16RoxK3fUPgwaIgH9NGnK1HKY9XIDpydky5eQGgAFVXTCSezalv9U2jQuNV+Z9qV1fDWNzldcw4eK0SSbqKA==}
    engines: {node: '>=12'}

  posthtml@0.16.7:
    resolution: {integrity: sha512-7Hc+IvlQ7hlaIfQFZnxlRl0jnpWq2qwibORBhQYIb0QbNtuicc5ZxvKkVT71HJ4Py1wSZ/3VR1r8LfkCtoCzhw==}
    engines: {node: '>=12.0.0'}

  prr@1.0.1:
    resolution: {integrity: sha512-yPw4Sng1gWghHQWj0B3ZggWUm4qVbPwPFcRG8KyxiU7J2OHFSoEHKS+EZ3fv5l1t9CyCiop6l/ZYeWbrgoQejw==}

  punycode.js@2.3.1:
    resolution: {integrity: sha512-uxFIHU0YlHYhDQtV4R9J6a52SLx28BCjT+4ieh7IGbgwVJWO+km431c4yRlREUAsAmt/uMjQUyQHNEPf0M39CA==}
    engines: {node: '>=6'}

  range-parser@1.2.1:
    resolution: {integrity: sha512-Hrgsx+orqoygnmhFbKaHE6c296J+HTAQXoxEF6gNupROmmGJRoyzfG3ccAveqCBrwr/2yxQ5BVd/GTl5agOwSg==}
    engines: {node: '>= 0.6'}

  readdirp@3.6.0:
    resolution: {integrity: sha512-hOS089on8RduqdbhvQ5Z37A0ESjsqz6qnRcffsMU3495FuTdqSm+7bhJ29JvIOsBDEEnan5DPu9t3To9VRlMzA==}
    engines: {node: '>=8.10.0'}

  section-matter@1.0.0:
    resolution: {integrity: sha512-vfD3pmTzGpufjScBh50YHKzEu2lxBWhVEHsNGoEXmCmn2hKGfeNLYMzCJpe8cD7gqX7TJluOVpBkAequ6dgMmA==}
    engines: {node: '>=4'}

  semver-compare@1.0.0:
    resolution: {integrity: sha512-YM3/ITh2MJ5MtzaM429anh+x2jiLVjqILF4m4oyQB18W7Ggea7BfqdH/wGMK7dDiMghv/6WG7znWMwUDzJiXow==}

  semver@7.7.4:
    resolution: {integrity: sha512-vFKC2IEtQnVhpT78h1Yp8wzwrf8CM+MzKMHGJZfBtzhZNycRFnXsHk6E5TxIkkMsgNS7mdX3AGB7x2QM2di4lA==}
    engines: {node: '>=10'}
    hasBin: true

  send@1.2.1:
    resolution: {integrity: sha512-1gnZf7DFcoIcajTjTwjwuDjzuz4PPcY2StKPlsGAQ1+YH20IRVrBaXSWmdjowTJ6u8Rc01PoYOGHXfP1mYcZNQ==}
    engines: {node: '>= 18'}

  setprototypeof@1.2.0:
    resolution: {integrity: sha512-E5LDX7Wrp85Kil5bhZv46j8jOeboKq5JMmYM3gVGdGH8xFpPWXUMsNrlODCrkoxMEeNi/XZIwuRvY4XNwYMJpw==}

  slash@3.0.0:
    resolution: {integrity: sha512-g9Q1haeby36OSStwb4ntCGGGaKsaVSjQ68fBxoQcutl5fS1vuY18H3wSt3jFyFtrkx+Kz0V1G85A4MyAdDMi2Q==}
    engines: {node: '>=8'}

  slugify@1.6.9:
    resolution: {integrity: sha512-vZ7rfeehZui7wQs438JXBckYLkIIdfHOXsaVEUMyS5fHo1483l1bMdo0EDSWYclY0yZKFOipDy4KHuKs6ssvdg==}
    engines: {node: '>=8.0.0'}

  sprintf-js@1.0.3:
    resolution: {integrity: sha512-D9cPgkvLlV3t3IzL0D0YLvGA9Ahk4PcvVwUbN0dSGr1aP0Nrt4AEnTUbuGvquEC0mA64Gqt1fzirlRs5ibXx8g==}

  ssri@11.0.0:
    resolution: {integrity: sha512-aZpUoMN/Jj2MqA4vMCeiKGnc/8SuSyHbGSBdgFbZxP8OJGF/lFkIuElzPxsN0q8TQQ+prw3P4EDfB3TBHHgfXw==}
    engines: {node: ^16.14.0 || >=18.0.0}

  statuses@2.0.2:
    resolution: {integrity: sha512-DvEy55V3DB7uknRo+4iOGT5fP1slR8wQohVdknigZPMpMstaKJQWhwiYBACJE3Ul2pTnATihhBYnRhZQHGBiRw==}
    engines: {node: '>= 0.8'}

  strip-bom-string@1.0.0:
    resolution: {integrity: sha512-uCC2VHvQRYu+lMh4My/sFNmF2klFymLX1wHJeXnbEJERpV/ZsVuonzerjfrGpIGF7LBVa1O7i9kjiWvJiFck8g==}
    engines: {node: '>=0.10.0'}

  tinyglobby@0.2.15:
    resolution: {integrity: sha512-j2Zq4NyQYG5XMST4cbs02Ak8iJUdxRM0XI5QyxXuZOzKOINmWurp3smXu3y5wDcJrptwpSjgXHzIQxR0omXljQ==}
    engines: {node: '>=12.0.0'}

  title-case@4.3.2:
    resolution: {integrity: sha512-I/nkcBo73mO42Idfv08jhInV61IMb61OdIFxk+B4Gu1oBjWBPOLmhZdsli+oJCVaD+86pYQA93cJfFt224ZFAA==}

  to-regex-range@5.0.1:
    resolution: {integrity: sha512-65P7iz6X5yEr1cwcgvQxbbIw7Uk3gOy5dIdtZ4rDveLqhrdJP+Li/Hx6tyK0NEb+2GCyneCMJiGqrADCSNk8sQ==}
    engines: {node: '>=8.0'}

  toidentifier@1.0.1:
    resolution: {integrity: sha512-o5sSPKEkg/DIQNmH43V0/uerLrpzVedkUh8tGNvaeXpfpuwjKenlSox/2O/BTlZUtEe+JG7s5YhEz608PlAHRA==}
    engines: {node: '>=0.6'}

  uc.micro@2.1.0:
    resolution: {integrity: sha512-ARDJmphmdvUk6Glw7y9DQ2bFkKBHwQHLi2lsaH6PPmz/Ka9sFOBsBluozhDltWmnv9u/cF6Rt87znRTPV+yp/A==}

  unpipe@1.0.0:
    resolution: {integrity: sha512-pjy2bYhSsufwWlKwPc+l3cN7+wuJlK6uz0YdJEOlQDbl6jo/YlPi4mb8agUkVC8BF7V8NuzeyPNqRksA3hztKQ==}
    engines: {node: '>= 0.8'}

  urlpattern-polyfill@10.1.0:
    resolution: {integrity: sha512-IGjKp/o0NL3Bso1PymYURCJxMPNAf/ILOpendP9f5B6e1rTJgdgiOvgfoT8VxCAdY+Wisb9uhGaJJf3yZ2V9nw==}

  ws@8.20.0:
    resolution: {integrity: sha512-sAt8BhgNbzCtgGbt2OxmpuryO63ZoDk/sqaB/znQm94T4fCEsy/yV+7CdC1kJhOU9lboAEU7R3kquuycDoibVA==}
    engines: {node: '>=10.0.0'}
    peerDependencies:
      bufferutil: ^4.0.1
      utf-8-validate: '>=5.0.2'
    peerDependenciesMeta:
      bufferutil:
        optional: true
      utf-8-validate:
        optional: true

snapshots:

  '@11ty/dependency-tree-esm@2.0.4':
    dependencies:
      '@11ty/eleventy-utils': 2.0.7
      acorn: 8.16.0
      dependency-graph: 1.0.0
      normalize-path: 3.0.0

  '@11ty/dependency-tree@4.0.2':
    dependencies:
      '@11ty/eleventy-utils': 2.0.7

  '@11ty/eleventy-dev-server@2.0.8':
    dependencies:
      '@11ty/eleventy-utils': 2.0.7
      chokidar: 3.6.0
      debug: 4.4.3
      finalhandler: 1.3.2
      mime: 3.0.0
      minimist: 1.2.8
      morphdom: 2.7.8
      please-upgrade-node: 3.2.0
      send: 1.2.1
      ssri: 11.0.0
      urlpattern-polyfill: 10.1.0
      ws: 8.20.0
    transitivePeerDependencies:
      - bufferutil
      - supports-color
      - utf-8-validate

  '@11ty/eleventy-plugin-bundle@3.0.7(posthtml@0.16.7)':
    dependencies:
      '@11ty/eleventy-utils': 2.0.7
      debug: 4.4.3
      posthtml-match-helper: 2.0.3(posthtml@0.16.7)
    transitivePeerDependencies:
      - posthtml
      - supports-color

  '@11ty/eleventy-utils@2.0.7': {}

  '@11ty/eleventy@3.1.5':
    dependencies:
      '@11ty/dependency-tree': 4.0.2
      '@11ty/dependency-tree-esm': 2.0.4
      '@11ty/eleventy-dev-server': 2.0.8
      '@11ty/eleventy-plugin-bundle': 3.0.7(posthtml@0.16.7)
      '@11ty/eleventy-utils': 2.0.7
      '@11ty/lodash-custom': 4.17.21
      '@11ty/posthtml-urls': 1.0.3
      '@11ty/recursive-copy': 4.0.4
      '@sindresorhus/slugify': 2.2.1
      bcp-47-normalize: 2.3.0
      chokidar: 3.6.0
      debug: 4.4.3
      dependency-graph: 1.0.0
      entities: 6.0.1
      filesize: 10.1.6
      gray-matter: 4.0.3
      iso-639-1: 3.1.5
      js-yaml: 4.1.1
      kleur: 4.1.5
      liquidjs: 10.25.5
      luxon: 3.7.2
      markdown-it: 14.1.1
      minimist: 1.2.8
      moo: 0.5.2
      node-retrieve-globals: 6.0.1
      nunjucks: 3.2.4(chokidar@3.6.0)
      picomatch: 4.0.4
      please-upgrade-node: 3.2.0
      posthtml: 0.16.7
      posthtml-match-helper: 2.0.3(posthtml@0.16.7)
      semver: 7.7.4
      slugify: 1.6.9
      tinyglobby: 0.2.15
    transitivePeerDependencies:
      - bufferutil
      - supports-color
      - utf-8-validate

  '@11ty/lodash-custom@4.17.21': {}

  '@11ty/posthtml-urls@1.0.3':
    dependencies:
      evaluate-value: 2.0.0
      http-equiv-refresh: 2.0.1
      list-to-array: 1.1.0
      parse-srcset: 1.0.2

  '@11ty/recursive-copy@4.0.4':
    dependencies:
      errno: 1.0.0
      junk: 3.1.0
      minimatch: 3.1.5
      slash: 3.0.0

  '@dprint/darwin-arm64@0.53.2':
    optional: true

  '@dprint/darwin-x64@0.53.2':
    optional: true

  '@dprint/linux-arm64-glibc@0.53.2':
    optional: true

  '@dprint/linux-arm64-musl@0.53.2':
    optional: true

  '@dprint/linux-loong64-glibc@0.53.2':
    optional: true

  '@dprint/linux-loong64-musl@0.53.2':
    optional: true

  '@dprint/linux-riscv64-glibc@0.53.2':
    optional: true

  '@dprint/linux-x64-glibc@0.53.2':
    optional: true

  '@dprint/linux-x64-musl@0.53.2':
    optional: true

  '@dprint/win32-arm64@0.53.2':
    optional: true

  '@dprint/win32-x64@0.53.2':
    optional: true

  '@sindresorhus/slugify@2.2.1':
    dependencies:
      '@sindresorhus/transliterate': 1.6.0
      escape-string-regexp: 5.0.0

  '@sindresorhus/transliterate@1.6.0':
    dependencies:
      escape-string-regexp: 5.0.0

  a-sync-waterfall@1.0.1: {}

  acorn-walk@8.3.5:
    dependencies:
      acorn: 8.16.0

  acorn@8.16.0: {}

  anymatch@3.1.3:
    dependencies:
      normalize-path: 3.0.0
      picomatch: 2.3.2

  argparse@1.0.10:
    dependencies:
      sprintf-js: 1.0.3

  argparse@2.0.1: {}

  asap@2.0.6: {}

  balanced-match@1.0.2: {}

  bcp-47-match@2.0.3: {}

  bcp-47-normalize@2.3.0:
    dependencies:
      bcp-47: 2.1.0
      bcp-47-match: 2.0.3

  bcp-47@2.1.0:
    dependencies:
      is-alphabetical: 2.0.1
      is-alphanumerical: 2.0.1
      is-decimal: 2.0.1

  binary-extensions@2.3.0: {}

  brace-expansion@1.1.13:
    dependencies:
      balanced-match: 1.0.2
      concat-map: 0.0.1

  braces@3.0.3:
    dependencies:
      fill-range: 7.1.1

  chokidar@3.6.0:
    dependencies:
      anymatch: 3.1.3
      braces: 3.0.3
      glob-parent: 5.1.2
      is-binary-path: 2.1.0
      is-glob: 4.0.3
      normalize-path: 3.0.0
      readdirp: 3.6.0
    optionalDependencies:
      fsevents: 2.3.3

  commander@10.0.1: {}

  commander@5.1.0: {}

  concat-map@0.0.1: {}

  debug@2.6.9:
    dependencies:
      ms: 2.0.0

  debug@4.4.3:
    dependencies:
      ms: 2.1.3

  depd@2.0.0: {}

  dependency-graph@1.0.0: {}

  dom-serializer@1.4.1:
    dependencies:
      domelementtype: 2.3.0
      domhandler: 4.3.1
      entities: 2.2.0

  domelementtype@2.3.0: {}

  domhandler@4.3.1:
    dependencies:
      domelementtype: 2.3.0

  domutils@2.8.0:
    dependencies:
      dom-serializer: 1.4.1
      domelementtype: 2.3.0
      domhandler: 4.3.1

  dprint@0.53.2:
    optionalDependencies:
      '@dprint/darwin-arm64': 0.53.2
      '@dprint/darwin-x64': 0.53.2
      '@dprint/linux-arm64-glibc': 0.53.2
      '@dprint/linux-arm64-musl': 0.53.2
      '@dprint/linux-loong64-glibc': 0.53.2
      '@dprint/linux-loong64-musl': 0.53.2
      '@dprint/linux-riscv64-glibc': 0.53.2
      '@dprint/linux-x64-glibc': 0.53.2
      '@dprint/linux-x64-musl': 0.53.2
      '@dprint/win32-arm64': 0.53.2
      '@dprint/win32-x64': 0.53.2

  ee-first@1.1.1: {}

  encodeurl@2.0.0: {}

  entities@2.2.0: {}

  entities@3.0.1: {}

  entities@4.5.0: {}

  entities@6.0.1: {}

  errno@1.0.0:
    dependencies:
      prr: 1.0.1

  escape-html@1.0.3: {}

  escape-string-regexp@5.0.0: {}

  esm-import-transformer@3.0.5:
    dependencies:
      acorn: 8.16.0

  esprima@4.0.1: {}

  etag@1.8.1: {}

  evaluate-value@2.0.0: {}

  extend-shallow@2.0.1:
    dependencies:
      is-extendable: 0.1.1

  fdir@6.5.0(picomatch@4.0.4):
    optionalDependencies:
      picomatch: 4.0.4

  filesize@10.1.6: {}

  fill-range@7.1.1:
    dependencies:
      to-regex-range: 5.0.1

  finalhandler@1.3.2:
    dependencies:
      debug: 2.6.9
      encodeurl: 2.0.0
      escape-html: 1.0.3
      on-finished: 2.4.1
      parseurl: 1.3.3
      statuses: 2.0.2
      unpipe: 1.0.0
    transitivePeerDependencies:
      - supports-color

  fresh@2.0.0: {}

  fsevents@2.3.3:
    optional: true

  glob-parent@5.1.2:
    dependencies:
      is-glob: 4.0.3

  gray-matter@4.0.3:
    dependencies:
      js-yaml: 3.14.2
      kind-of: 6.0.3
      section-matter: 1.0.0
      strip-bom-string: 1.0.0

  htmlparser2@7.2.0:
    dependencies:
      domelementtype: 2.3.0
      domhandler: 4.3.1
      domutils: 2.8.0
      entities: 3.0.1

  http-equiv-refresh@2.0.1: {}

  http-errors@2.0.1:
    dependencies:
      depd: 2.0.0
      inherits: 2.0.4
      setprototypeof: 1.2.0
      statuses: 2.0.2
      toidentifier: 1.0.1

  inherits@2.0.4: {}

  is-alphabetical@2.0.1: {}

  is-alphanumerical@2.0.1:
    dependencies:
      is-alphabetical: 2.0.1
      is-decimal: 2.0.1

  is-binary-path@2.1.0:
    dependencies:
      binary-extensions: 2.3.0

  is-decimal@2.0.1: {}

  is-extendable@0.1.1: {}

  is-extglob@2.1.1: {}

  is-glob@4.0.3:
    dependencies:
      is-extglob: 2.1.1

  is-json@2.0.1: {}

  is-number@7.0.0: {}

  iso-639-1@3.1.5: {}

  js-yaml@3.14.2:
    dependencies:
      argparse: 1.0.10
      esprima: 4.0.1

  js-yaml@4.1.1:
    dependencies:
      argparse: 2.0.1

  junk@3.1.0: {}

  kind-of@6.0.3: {}

  kleur@4.1.5: {}

  linkify-it@5.0.0:
    dependencies:
      uc.micro: 2.1.0

  liquidjs@10.25.5:
    dependencies:
      commander: 10.0.1

  list-to-array@1.1.0: {}

  luxon@3.7.2: {}

  markdown-it-attrs@4.3.1(markdown-it@14.1.1):
    dependencies:
      markdown-it: 14.1.1

  markdown-it-footnote@4.0.0: {}

  markdown-it@14.1.1:
    dependencies:
      argparse: 2.0.1
      entities: 4.5.0
      linkify-it: 5.0.0
      mdurl: 2.0.0
      punycode.js: 2.3.1
      uc.micro: 2.1.0

  mdurl@2.0.0: {}

  mime-db@1.54.0: {}

  mime-types@3.0.2:
    dependencies:
      mime-db: 1.54.0

  mime@3.0.0: {}

  minimatch@3.1.5:
    dependencies:
      brace-expansion: 1.1.13

  minimist@1.2.8: {}

  minipass@7.1.3: {}

  moo@0.5.2: {}

  morphdom@2.7.8: {}

  ms@2.0.0: {}

  ms@2.1.3: {}

  node-retrieve-globals@6.0.1:
    dependencies:
      acorn: 8.16.0
      acorn-walk: 8.3.5
      esm-import-transformer: 3.0.5

  normalize-path@3.0.0: {}

  nunjucks@3.2.4(chokidar@3.6.0):
    dependencies:
      a-sync-waterfall: 1.0.1
      asap: 2.0.6
      commander: 5.1.0
    optionalDependencies:
      chokidar: 3.6.0

  on-finished@2.4.1:
    dependencies:
      ee-first: 1.1.1

  parse-srcset@1.0.2: {}

  parseurl@1.3.3: {}

  picomatch@2.3.2: {}

  picomatch@4.0.4: {}

  please-upgrade-node@3.2.0:
    dependencies:
      semver-compare: 1.0.0

  posthtml-match-helper@2.0.3(posthtml@0.16.7):
    dependencies:
      posthtml: 0.16.7

  posthtml-parser@0.11.0:
    dependencies:
      htmlparser2: 7.2.0

  posthtml-render@3.0.0:
    dependencies:
      is-json: 2.0.1

  posthtml@0.16.7:
    dependencies:
      posthtml-parser: 0.11.0
      posthtml-render: 3.0.0

  prr@1.0.1: {}

  punycode.js@2.3.1: {}

  range-parser@1.2.1: {}

  readdirp@3.6.0:
    dependencies:
      picomatch: 2.3.2

  section-matter@1.0.0:
    dependencies:
      extend-shallow: 2.0.1
      kind-of: 6.0.3

  semver-compare@1.0.0: {}

  semver@7.7.4: {}

  send@1.2.1:
    dependencies:
      debug: 4.4.3
      encodeurl: 2.0.0
      escape-html: 1.0.3
      etag: 1.8.1
      fresh: 2.0.0
      http-errors: 2.0.1
      mime-types: 3.0.2
      ms: 2.1.3
      on-finished: 2.4.1
      range-parser: 1.2.1
      statuses: 2.0.2
    transitivePeerDependencies:
      - supports-color

  setprototypeof@1.2.0: {}

  slash@3.0.0: {}

  slugify@1.6.9: {}

  sprintf-js@1.0.3: {}

  ssri@11.0.0:
    dependencies:
      minipass: 7.1.3

  statuses@2.0.2: {}

  strip-bom-string@1.0.0: {}

  tinyglobby@0.2.15:
    dependencies:
      fdir: 6.5.0(picomatch@4.0.4)
      picomatch: 4.0.4

  title-case@4.3.2: {}

  to-regex-range@5.0.1:
    dependencies:
      is-number: 7.0.0

  toidentifier@1.0.1: {}

  uc.micro@2.1.0: {}

  unpipe@1.0.0: {}

  urlpattern-polyfill@10.1.0: {}

  ws@8.20.0: {}
